
Microsoft Visual Studio Solution File, Format Version 12.00
# Visual Studio 15
VisualStudioVersion = 15.0.28307.168
MinimumVisualStudioVersion = 10.0.40219.1
Project("{FAE04EC0-301F-11D3-BF4B-00C04F79EFBC}") = "c0732140", "c0732140\c0732140.csproj", "{099410F1-9051-4016-A09D-C0A7FFE0608A}"
EndProject
Global
	GlobalSection(SolutionConfigurationPlatforms) = preSolution
		Debug|Any CPU = Debug|Any CPU
		Release|Any CPU = Release|Any CPU
	EndGlobalSection
	GlobalSection(ProjectConfigurationPlatforms) = postSolution
		{099410F1-9051-4016-A09D-C0A7FFE0608A}.Debug|Any CPU.ActiveCfg = Debug|Any CPU
		{099410F1-9051-4016-A09D-C0A7FFE0608A}.Debug|Any CPU.Build.0 = Debug|Any CPU
		{099410F1-9051-4016-A09D-C0A7FFE0608A}.Release|Any CPU.ActiveCfg = Release|Any CPU
		{099410F1-9051-4016-A09D-C0A7FFE0608A}.Release|Any CPU.Build.0 = Release|Any CPU
	EndGlobalSection
	GlobalSection(SolutionProperties) = preSolution
		HideSolutionNode = FALSE
	EndGlobalSection
	GlobalSection(ExtensibilityGlobals) = postSolution
		SolutionGuid = {14F05D95-0D67-42C3-B12E-EC47F860F393}
	EndGlobalSection
EndGlobal
